
Microsoft Visual Studio Solution File, Format Version 12.00
# Visual Studio Version 17
VisualStudioVersion = 17.7.34031.279
MinimumVisualStudioVersion = 10.0.40219.1
Project("{8BC9CEB8-8B4A-11D0-8D11-00A0C91BC942}") = "Observer_Worksheet", "Observer_Worksheet.vcxproj", "{6FB3A8A5-BC42-4100-BEB4-F6F4F2ACB201}"
EndProject
Global
	GlobalSection(SolutionConfigurationPlatforms) = preSolution
		Debug|x86 = Debug|x86
		Release|x86 = Release|x86
	EndGlobalSection
	GlobalSection(ProjectConfigurationPlatforms) = postSolution
		{6FB3A8A5-BC42-4100-BEB4-F6F4F2ACB201}.Debug|x86.ActiveCfg = Debug|Win32
		{6FB3A8A5-BC42-4100-BEB4-F6F4F2ACB201}.Debug|x86.Build.0 = Debug|Win32
		{6FB3A8A5-BC42-4100-BEB4-F6F4F2ACB201}.Release|x86.ActiveCfg = Release|Win32
		{6FB3A8A5-BC42-4100-BEB4-F6F4F2ACB201}.Release|x86.Build.0 = Release|Win32
	EndGlobalSection
	GlobalSection(SolutionProperties) = preSolution
		HideSolutionNode = FALSE
	EndGlobalSection
	GlobalSection(ExtensibilityGlobals) = postSolution
		SolutionGuid = {9BF83E6D-1700-47A3-A62C-72C4A5D3D821}
	EndGlobalSection
EndGlobal
